
Microsoft Visual Studio Solution File, Format Version 12.00
# Visual Studio Version 17
VisualStudioVersion = 17.6.33723.286
MinimumVisualStudioVersion = 10.0.40219.1
Project("{FAE04EC0-301F-11D3-BF4B-00C04F79EFBC}") = "ScreenSleep", "ScreenSleep\ScreenSleep.csproj", "{6C38DEBB-222E-481B-9EF4-70B6A466AB22}"
EndProject
Global
	GlobalSection(SolutionConfigurationPlatforms) = preSolution
		Debug|Any CPU = Debug|Any CPU
		Release|Any CPU = Release|Any CPU
	EndGlobalSection
	GlobalSection(ProjectConfigurationPlatforms) = postSolution
		{6C38DEBB-222E-481B-9EF4-70B6A466AB22}.Debug|Any CPU.ActiveCfg = Debug|Any CPU
		{6C38DEBB-222E-481B-9EF4-70B6A466AB22}.Debug|Any CPU.Build.0 = Debug|Any CPU
		{6C38DEBB-222E-481B-9EF4-70B6A466AB22}.Release|Any CPU.ActiveCfg = Release|Any CPU
		{6C38DEBB-222E-481B-9EF4-70B6A466AB22}.Release|Any CPU.Build.0 = Release|Any CPU
	EndGlobalSection
	GlobalSection(SolutionProperties) = preSolution
		HideSolutionNode = FALSE
	EndGlobalSection
	GlobalSection(ExtensibilityGlobals) = postSolution
		SolutionGuid = {0381A495-7F0F-415C-8F95-6B23888BB8C9}
	EndGlobalSection
EndGlobal
